
Microsoft Visual Studio Solution File, Format Version 12.00
# Visual Studio Version 16
VisualStudioVersion = 16.0.32413.511
MinimumVisualStudioVersion = 10.0.40219.1
Project("{888888A0-9F3D-457C-B088-3A5042F75D52}") = "SisEducacional", "SisEducacional.pyproj", "{88F1C88A-5E29-46EF-8794-C849D68AC747}"
EndProject
Global
	GlobalSection(SolutionConfigurationPlatforms) = preSolution
		Debug|Any CPU = Debug|Any CPU
		Release|Any CPU = Release|Any CPU
	EndGlobalSection
	GlobalSection(ProjectConfigurationPlatforms) = postSolution
		{88F1C88A-5E29-46EF-8794-C849D68AC747}.Debug|Any CPU.ActiveCfg = Debug|Any CPU
		{88F1C88A-5E29-46EF-8794-C849D68AC747}.Debug|Any CPU.Build.0 = Debug|Any CPU
		{88F1C88A-5E29-46EF-8794-C849D68AC747}.Release|Any CPU.ActiveCfg = Release|Any CPU
		{88F1C88A-5E29-46EF-8794-C849D68AC747}.Release|Any CPU.Build.0 = Release|Any CPU
	EndGlobalSection
	GlobalSection(SolutionProperties) = preSolution
		HideSolutionNode = FALSE
	EndGlobalSection
	GlobalSection(ExtensibilityGlobals) = postSolution
		SolutionGuid = {3B7666A6-2E05-4F1E-B043-284AE1E8C668}
	EndGlobalSection
EndGlobal
